
Microsoft Visual Studio Solution File, Format Version 12.00
# Visual Studio Version 16
VisualStudioVersion = 16.0.30225.117
MinimumVisualStudioVersion = 10.0.40219.1
Project("{FAE04EC0-301F-11D3-BF4B-00C04F79EFBC}") = "Lab 11.3 Coffee Shop Registration Continued", "Lab 11.3 Coffee Shop Registration Continued.csproj", "{22E83EFE-FAED-4740-AD5B-A3F1B72B4D46}"
EndProject
Global
	GlobalSection(SolutionConfigurationPlatforms) = preSolution
		Debug|Any CPU = Debug|Any CPU
		Release|Any CPU = Release|Any CPU
	EndGlobalSection
	GlobalSection(ProjectConfigurationPlatforms) = postSolution
		{22E83EFE-FAED-4740-AD5B-A3F1B72B4D46}.Debug|Any CPU.ActiveCfg = Debug|Any CPU
		{22E83EFE-FAED-4740-AD5B-A3F1B72B4D46}.Debug|Any CPU.Build.0 = Debug|Any CPU
		{22E83EFE-FAED-4740-AD5B-A3F1B72B4D46}.Release|Any CPU.ActiveCfg = Release|Any CPU
		{22E83EFE-FAED-4740-AD5B-A3F1B72B4D46}.Release|Any CPU.Build.0 = Release|Any CPU
	EndGlobalSection
	GlobalSection(SolutionProperties) = preSolution
		HideSolutionNode = FALSE
	EndGlobalSection
	GlobalSection(ExtensibilityGlobals) = postSolution
		SolutionGuid = {5429699F-F458-46CB-9CAA-83364891A9F5}
	EndGlobalSection
EndGlobal
